
Microsoft Visual Studio Solution File, Format Version 12.00
# Visual Studio 15
VisualStudioVersion = 15.0.26730.12
MinimumVisualStudioVersion = 10.0.40219.1
Project("{FAE04EC0-301F-11D3-BF4B-00C04F79EFBC}") = "WebApi", "WebApi\WebApi.csproj", "{938954C2-8793-4FB3-8A7F-012F5FCD8E6E}"
EndProject
Project("{2150E333-8FDC-42A3-9474-1A3956D46DE8}") = "Infrastructure", "Infrastructure", "{C4137C2A-58F0-46EC-A85D-4C9F7C861770}"
EndProject
Project("{2150E333-8FDC-42A3-9474-1A3956D46DE8}") = "DAL", "DAL", "{5A1BECF7-EEFA-4BC5-9777-0F2C1509AEBF}"
EndProject
Project("{FAE04EC0-301F-11D3-BF4B-00C04F79EFBC}") = "DataAccessLayer", "DAL\DataAccessLayer\DataAccessLayer.csproj", "{63DD5B4D-ACC1-4C01-8D66-147D4D17291F}"
EndProject
Project("{FAE04EC0-301F-11D3-BF4B-00C04F79EFBC}") = "DataAccessLayer.Models", "DAL\DataAccessLayer.Models\DataAccessLayer.Models.csproj", "{7C63AF51-21CD-4029-A989-6A795FF0DB19}"
EndProject
Project("{FAE04EC0-301F-11D3-BF4B-00C04F79EFBC}") = "DataAccessLayer.Models.Abstraction", "DAL\DataAccessLayer.Models.Abstraction\DataAccessLayer.Models.Abstraction.csproj", "{BC903FC4-80BD-4AFC-83DD-D0797F306E44}"
EndProject
Project("{2150E333-8FDC-42A3-9474-1A3956D46DE8}") = "BusinessLogic", "BusinessLogic", "{12ADB935-FEE4-47D7-B66D-10F785C6AEAE}"
EndProject
Project("{FAE04EC0-301F-11D3-BF4B-00C04F79EFBC}") = "BusinessLogic.Managers", "BusinessLogic\BusinessLogic.Managers\BusinessLogic.Managers.csproj", "{1B281D22-CD3E-4849-A282-EC52D6B80B04}"
EndProject
Project("{FAE04EC0-301F-11D3-BF4B-00C04F79EFBC}") = "BusinessLogic.Managers.Abstraction", "BusinessLogic\BusinessLogic.Managers.Abstraction\BusinessLogic.Managers.Abstraction.csproj", "{1D713EC7-81E5-402D-AA4E-B9BD7643B6A7}"
EndProject
Project("{FAE04EC0-301F-11D3-BF4B-00C04F79EFBC}") = "GlobalContainer", "Infrastructure\GlobalContainer\GlobalContainer.csproj", "{E754E731-F89E-438D-844F-7DA926F67221}"
EndProject
Project("{FAE04EC0-301F-11D3-BF4B-00C04F79EFBC}") = "DependencyInjector", "Infrastructure\DependencyInjector\DependencyInjector.csproj", "{8BF31CA4-D938-4284-91CF-55A6F218FE2A}"
EndProject
Project("{2150E333-8FDC-42A3-9474-1A3956D46DE8}") = "Common", "Common", "{D3AC73A9-1F67-49DE-BCD2-CDEADA8A0694}"
EndProject
Project("{FAE04EC0-301F-11D3-BF4B-00C04F79EFBC}") = "Common.Constants", "Common\Common.Constants\Common.Constants.csproj", "{BCF8B083-3754-49E3-8D48-208C9342EC78}"
EndProject
Project("{FAE04EC0-301F-11D3-BF4B-00C04F79EFBC}") = "BusinessLogic.Objects", "BusinessLogic\BusinessLogic.Objects\BusinessLogic.Objects.csproj", "{83F2B36C-A43E-4B1A-921B-3769DE2F8AE7}"
EndProject
Project("{FAE04EC0-301F-11D3-BF4B-00C04F79EFBC}") = "WebUI", "WebUI\WebUI.csproj", "{9A970319-7E8B-4867-A7FE-D3299E7EFC40}"
EndProject
Project("{FAE04EC0-301F-11D3-BF4B-00C04F79EFBC}") = "Common.Enums", "Common\Common.Enums\Common.Enums.csproj", "{3E10FA50-2CB7-45EE-B004-F1A805DD99B2}"
EndProject
Project("{FAE04EC0-301F-11D3-BF4B-00C04F79EFBC}") = "Common.Exceptions", "Common\Common.Exceptions\Common.Exceptions.csproj", "{19B61FCA-A912-436F-9418-2E9F8032F553}"
EndProject
Project("{FAE04EC0-301F-11D3-BF4B-00C04F79EFBC}") = "Common.Validation", "Common\Common.Validation\Common.Validation.csproj", "{97F0D987-0D65-4F9A-909D-31DB4FE054F9}"
EndProject
Project("{FAE04EC0-301F-11D3-BF4B-00C04F79EFBC}") = "DataAccessLayer.Repositories.Abstraction", "DAL\DataAccessLayer.Repositories.Abstraction\DataAccessLayer.Repositories.Abstraction.csproj", "{142F5B0F-94C0-4332-84D2-40C1FCF67406}"
EndProject
Project("{FAE04EC0-301F-11D3-BF4B-00C04F79EFBC}") = "DataAccessLayer.Repositories", "DAL\DataAccessLayer.Repositories\DataAccessLayer.Repositories.csproj", "{37CC6DC4-B558-4837-A5FA-85E9B37B16D9}"
EndProject
Project("{FAE04EC0-301F-11D3-BF4B-00C04F79EFBC}") = "BusinessLogic.Resources", "BusinessLogic\BusinessLogic.Resources\BusinessLogic.Resources.csproj", "{0C540D0A-F61D-46C7-A6FB-D7000B13BD13}"
EndProject
Project("{2150E333-8FDC-42A3-9474-1A3956D46DE8}") = "UnitTests", "UnitTests", "{9E066B82-73E0-46F7-BB5F-FDC861E278B8}"
EndProject
Project("{FAE04EC0-301F-11D3-BF4B-00C04F79EFBC}") = "BusinessLogic.UnitTests", "UnitTests\BusinessLogic.UnitTests\BusinessLogic.UnitTests.csproj", "{8260BAD9-06CF-4953-A2A9-1DA6E9CDEF78}"
EndProject
Global
	GlobalSection(SolutionConfigurationPlatforms) = preSolution
		Debug|Any CPU = Debug|Any CPU
		Release|Any CPU = Release|Any CPU
	EndGlobalSection
	GlobalSection(ProjectConfigurationPlatforms) = postSolution
		{938954C2-8793-4FB3-8A7F-012F5FCD8E6E}.Debug|Any CPU.ActiveCfg = Debug|Any CPU
		{938954C2-8793-4FB3-8A7F-012F5FCD8E6E}.Debug|Any CPU.Build.0 = Debug|Any CPU
		{938954C2-8793-4FB3-8A7F-012F5FCD8E6E}.Release|Any CPU.ActiveCfg = Release|Any CPU
		{938954C2-8793-4FB3-8A7F-012F5FCD8E6E}.Release|Any CPU.Build.0 = Release|Any CPU
		{63DD5B4D-ACC1-4C01-8D66-147D4D17291F}.Debug|Any CPU.ActiveCfg = Debug|Any CPU
		{63DD5B4D-ACC1-4C01-8D66-147D4D17291F}.Debug|Any CPU.Build.0 = Debug|Any CPU
		{63DD5B4D-ACC1-4C01-8D66-147D4D17291F}.Release|Any CPU.ActiveCfg = Release|Any CPU
		{63DD5B4D-ACC1-4C01-8D66-147D4D17291F}.Release|Any CPU.Build.0 = Release|Any CPU
		{7C63AF51-21CD-4029-A989-6A795FF0DB19}.Debug|Any CPU.ActiveCfg = Debug|Any CPU
		{7C63AF51-21CD-4029-A989-6A795FF0DB19}.Debug|Any CPU.Build.0 = Debug|Any CPU
		{7C63AF51-21CD-4029-A989-6A795FF0DB19}.Release|Any CPU.ActiveCfg = Release|Any CPU
		{7C63AF51-21CD-4029-A989-6A795FF0DB19}.Release|Any CPU.Build.0 = Release|Any CPU
		{BC903FC4-80BD-4AFC-83DD-D0797F306E44}.Debug|Any CPU.ActiveCfg = Debug|Any CPU
		{BC903FC4-80BD-4AFC-83DD-D0797F306E44}.Debug|Any CPU.Build.0 = Debug|Any CPU
		{BC903FC4-80BD-4AFC-83DD-D0797F306E44}.Release|Any CPU.ActiveCfg = Release|Any CPU
		{BC903FC4-80BD-4AFC-83DD-D0797F306E44}.Release|Any CPU.Build.0 = Release|Any CPU
		{1B281D22-CD3E-4849-A282-EC52D6B80B04}.Debug|Any CPU.ActiveCfg = Debug|Any CPU
		{1B281D22-CD3E-4849-A282-EC52D6B80B04}.Debug|Any CPU.Build.0 = Debug|Any CPU
		{1B281D22-CD3E-4849-A282-EC52D6B80B04}.Release|Any CPU.ActiveCfg = Release|Any CPU
		{1B281D22-CD3E-4849-A282-EC52D6B80B04}.Release|Any CPU.Build.0 = Release|Any CPU
		{1D713EC7-81E5-402D-AA4E-B9BD7643B6A7}.Debug|Any CPU.ActiveCfg = Debug|Any CPU
		{1D713EC7-81E5-402D-AA4E-B9BD7643B6A7}.Debug|Any CPU.Build.0 = Debug|Any CPU
		{1D713EC7-81E5-402D-AA4E-B9BD7643B6A7}.Release|Any CPU.ActiveCfg = Release|Any CPU
		{1D713EC7-81E5-402D-AA4E-B9BD7643B6A7}.Release|Any CPU.Build.0 = Release|Any CPU
		{E754E731-F89E-438D-844F-7DA926F67221}.Debug|Any CPU.ActiveCfg = Debug|Any CPU
		{E754E731-F89E-438D-844F-7DA926F67221}.Debug|Any CPU.Build.0 = Debug|Any CPU
		{E754E731-F89E-438D-844F-7DA926F67221}.Release|Any CPU.ActiveCfg = Release|Any CPU
		{E754E731-F89E-438D-844F-7DA926F67221}.Release|Any CPU.Build.0 = Release|Any CPU
		{8BF31CA4-D938-4284-91CF-55A6F218FE2A}.Debug|Any CPU.ActiveCfg = Debug|Any CPU
		{8BF31CA4-D938-4284-91CF-55A6F218FE2A}.Debug|Any CPU.Build.0 = Debug|Any CPU
		{8BF31CA4-D938-4284-91CF-55A6F218FE2A}.Release|Any CPU.ActiveCfg = Release|Any CPU
		{8BF31CA4-D938-4284-91CF-55A6F218FE2A}.Release|Any CPU.Build.0 = Release|Any CPU
		{BCF8B083-3754-49E3-8D48-208C9342EC78}.Debug|Any CPU.ActiveCfg = Debug|Any CPU
		{BCF8B083-3754-49E3-8D48-208C9342EC78}.Debug|Any CPU.Build.0 = Debug|Any CPU
		{BCF8B083-3754-49E3-8D48-208C9342EC78}.Release|Any CPU.ActiveCfg = Release|Any CPU
		{BCF8B083-3754-49E3-8D48-208C9342EC78}.Release|Any CPU.Build.0 = Release|Any CPU
		{83F2B36C-A43E-4B1A-921B-3769DE2F8AE7}.Debug|Any CPU.ActiveCfg = Debug|Any CPU
		{83F2B36C-A43E-4B1A-921B-3769DE2F8AE7}.Debug|Any CPU.Build.0 = Debug|Any CPU
		{83F2B36C-A43E-4B1A-921B-3769DE2F8AE7}.Release|Any CPU.ActiveCfg = Release|Any CPU
		{83F2B36C-A43E-4B1A-921B-3769DE2F8AE7}.Release|Any CPU.Build.0 = Release|Any CPU
		{9A970319-7E8B-4867-A7FE-D3299E7EFC40}.Debug|Any CPU.ActiveCfg = Debug|Any CPU
		{9A970319-7E8B-4867-A7FE-D3299E7EFC40}.Debug|Any CPU.Build.0 = Debug|Any CPU
		{9A970319-7E8B-4867-A7FE-D3299E7EFC40}.Release|Any CPU.ActiveCfg = Release|Any CPU
		{9A970319-7E8B-4867-A7FE-D3299E7EFC40}.Release|Any CPU.Build.0 = Release|Any CPU
		{3E10FA50-2CB7-45EE-B004-F1A805DD99B2}.Debug|Any CPU.ActiveCfg = Debug|Any CPU
		{3E10FA50-2CB7-45EE-B004-F1A805DD99B2}.Debug|Any CPU.Build.0 = Debug|Any CPU
		{3E10FA50-2CB7-45EE-B004-F1A805DD99B2}.Release|Any CPU.ActiveCfg = Release|Any CPU
		{3E10FA50-2CB7-45EE-B004-F1A805DD99B2}.Release|Any CPU.Build.0 = Release|Any CPU
		{19B61FCA-A912-436F-9418-2E9F8032F553}.Debug|Any CPU.ActiveCfg = Debug|Any CPU
		{19B61FCA-A912-436F-9418-2E9F8032F553}.Debug|Any CPU.Build.0 = Debug|Any CPU
		{19B61FCA-A912-436F-9418-2E9F8032F553}.Release|Any CPU.ActiveCfg = Release|Any CPU
		{19B61FCA-A912-436F-9418-2E9F8032F553}.Release|Any CPU.Build.0 = Release|Any CPU
		{97F0D987-0D65-4F9A-909D-31DB4FE054F9}.Debug|Any CPU.ActiveCfg = Debug|Any CPU
		{97F0D987-0D65-4F9A-909D-31DB4FE054F9}.Debug|Any CPU.Build.0 = Debug|Any CPU
		{97F0D987-0D65-4F9A-909D-31DB4FE054F9}.Release|Any CPU.ActiveCfg = Release|Any CPU
		{97F0D987-0D65-4F9A-909D-31DB4FE054F9}.Release|Any CPU.Build.0 = Release|Any CPU
		{142F5B0F-94C0-4332-84D2-40C1FCF67406}.Debug|Any CPU.ActiveCfg = Debug|Any CPU
		{142F5B0F-94C0-4332-84D2-40C1FCF67406}.Debug|Any CPU.Build.0 = Debug|Any CPU
		{142F5B0F-94C0-4332-84D2-40C1FCF67406}.Release|Any CPU.ActiveCfg = Release|Any CPU
		{142F5B0F-94C0-4332-84D2-40C1FCF67406}.Release|Any CPU.Build.0 = Release|Any CPU
		{37CC6DC4-B558-4837-A5FA-85E9B37B16D9}.Debug|Any CPU.ActiveCfg = Debug|Any CPU
		{37CC6DC4-B558-4837-A5FA-85E9B37B16D9}.Debug|Any CPU.Build.0 = Debug|Any CPU
		{37CC6DC4-B558-4837-A5FA-85E9B37B16D9}.Release|Any CPU.ActiveCfg = Release|Any CPU
		{37CC6DC4-B558-4837-A5FA-85E9B37B16D9}.Release|Any CPU.Build.0 = Release|Any CPU
		{0C540D0A-F61D-46C7-A6FB-D7000B13BD13}.Debug|Any CPU.ActiveCfg = Debug|Any CPU
		{0C540D0A-F61D-46C7-A6FB-D7000B13BD13}.Debug|Any CPU.Build.0 = Debug|Any CPU
		{0C540D0A-F61D-46C7-A6FB-D7000B13BD13}.Release|Any CPU.ActiveCfg = Release|Any CPU
		{0C540D0A-F61D-46C7-A6FB-D7000B13BD13}.Release|Any CPU.Build.0 = Release|Any CPU
		{8260BAD9-06CF-4953-A2A9-1DA6E9CDEF78}.Debug|Any CPU.ActiveCfg = Debug|Any CPU
		{8260BAD9-06CF-4953-A2A9-1DA6E9CDEF78}.Debug|Any CPU.Build.0 = Debug|Any CPU
		{8260BAD9-06CF-4953-A2A9-1DA6E9CDEF78}.Release|Any CPU.ActiveCfg = Release|Any CPU
		{8260BAD9-06CF-4953-A2A9-1DA6E9CDEF78}.Release|Any CPU.Build.0 = Release|Any CPU
	EndGlobalSection
	GlobalSection(SolutionProperties) = preSolution
		HideSolutionNode = FALSE
	EndGlobalSection
	GlobalSection(NestedProjects) = preSolution
		{63DD5B4D-ACC1-4C01-8D66-147D4D17291F} = {5A1BECF7-EEFA-4BC5-9777-0F2C1509AEBF}
		{7C63AF51-21CD-4029-A989-6A795FF0DB19} = {5A1BECF7-EEFA-4BC5-9777-0F2C1509AEBF}
		{BC903FC4-80BD-4AFC-83DD-D0797F306E44} = {5A1BECF7-EEFA-4BC5-9777-0F2C1509AEBF}
		{1B281D22-CD3E-4849-A282-EC52D6B80B04} = {12ADB935-FEE4-47D7-B66D-10F785C6AEAE}
		{1D713EC7-81E5-402D-AA4E-B9BD7643B6A7} = {12ADB935-FEE4-47D7-B66D-10F785C6AEAE}
		{E754E731-F89E-438D-844F-7DA926F67221} = {C4137C2A-58F0-46EC-A85D-4C9F7C861770}
		{8BF31CA4-D938-4284-91CF-55A6F218FE2A} = {C4137C2A-58F0-46EC-A85D-4C9F7C861770}
		{BCF8B083-3754-49E3-8D48-208C9342EC78} = {D3AC73A9-1F67-49DE-BCD2-CDEADA8A0694}
		{83F2B36C-A43E-4B1A-921B-3769DE2F8AE7} = {12ADB935-FEE4-47D7-B66D-10F785C6AEAE}
		{3E10FA50-2CB7-45EE-B004-F1A805DD99B2} = {D3AC73A9-1F67-49DE-BCD2-CDEADA8A0694}
		{19B61FCA-A912-436F-9418-2E9F8032F553} = {D3AC73A9-1F67-49DE-BCD2-CDEADA8A0694}
		{97F0D987-0D65-4F9A-909D-31DB4FE054F9} = {D3AC73A9-1F67-49DE-BCD2-CDEADA8A0694}
		{142F5B0F-94C0-4332-84D2-40C1FCF67406} = {5A1BECF7-EEFA-4BC5-9777-0F2C1509AEBF}
		{37CC6DC4-B558-4837-A5FA-85E9B37B16D9} = {5A1BECF7-EEFA-4BC5-9777-0F2C1509AEBF}
		{0C540D0A-F61D-46C7-A6FB-D7000B13BD13} = {12ADB935-FEE4-47D7-B66D-10F785C6AEAE}
		{8260BAD9-06CF-4953-A2A9-1DA6E9CDEF78} = {9E066B82-73E0-46F7-BB5F-FDC861E278B8}
	EndGlobalSection
	GlobalSection(ExtensibilityGlobals) = postSolution
		SolutionGuid = {1B8B0B53-7769-42F6-BDF2-4AFADCC9A084}
	EndGlobalSection
EndGlobal
